github.com/docker/distribution v2.7.1+incompatible h1:a5mlkVzth6W5A4fOsS3D2EO5BUmsJpcB+cRlLU7cSug=
github.com/docker/distribution v2.7.1+incompatible/go.mod h1:J2gT2udsDAN96Uj4KfcMRqY0/ypR+oyYUYmja8H+y+w=
github.com/dvyukov/go-fuzz v0.0.0-20210602112143-b1f3d6f4ef4e h1:qTP1telKJHlToHlwPQNmVg4yfMDMHe4Z3SYmzkrvA2M=
github.com/dvyukov/go-fuzz v0.0.0-20210602112143-b1f3d6f4ef4e/go.mod h1:11Gm+ccJnvAhCNLlf5+cS9KjtbaD5I5zaZpFMsTHWTw=
